// !$*UTF8*$!
{
	archiveVersion = 1;
	classes = {
	};
	objectVersion = 46;
	objects = {

/* Begin PBXBuildFile section */
		C5C5B3341A4D632D0076D7B6 /* main.m in Sources */ = {isa = PBXBuildFile; fileRef = C5C5B3331A4D632D0076D7B6 /* main.m */; };
		C5C5B3371A4D632D0076D7B6 /* AppDelegate.m in Sources */ = {isa = PBXBuildFile; fileRef = C5C5B3361A4D632D0076D7B6 /* AppDelegate.m */; };
		C5C5B33A1A4D632D0076D7B6 /* AddDepartmentViewController.m in Sources */ = {isa = PBXBuildFile; fileRef = C5C5B3391A4D632D0076D7B6 /* AddDepartmentViewController.m */; };
		C5C5B33D1A4D632D0076D7B6 /* Main.storyboard in Resources */ = {isa = PBXBuildFile; fileRef = C5C5B33B1A4D632D0076D7B6 /* Main.storyboard */; };
		C5C5B33F1A4D632D0076D7B6 /* Images.xcassets in Resources */ = {isa = PBXBuildFile; fileRef = C5C5B33E1A4D632D0076D7B6 /* Images.xcassets */; };
		C5C5B3421A4D632D0076D7B6 /* LaunchScreen.xib in Resources */ = {isa = PBXBuildFile; fileRef = C5C5B3401A4D632D0076D7B6 /* LaunchScreen.xib */; };
		C5C5B34E1A4D632D0076D7B6 /* CompanyPilotTests.m in Sources */ = {isa = PBXBuildFile; fileRef = C5C5B34D1A4D632D0076D7B6 /* CompanyPilotTests.m */; };
		C5C5B3591A4D63CE0076D7B6 /* DepartmentTableViewController.m in Sources */ = {isa = PBXBuildFile; fileRef = C5C5B3581A4D63CE0076D7B6 /* DepartmentTableViewController.m */; };
		C5C5B3621A4EA5010076D7B6 /* CoreDataErrorHandling.m in Sources */ = {isa = PBXBuildFile; fileRef = C5C5B35D1A4EA5010076D7B6 /* CoreDataErrorHandling.m */; };
		C5C5B3631A4EA5010076D7B6 /* NSManagedObject+CoreDataHandler.m in Sources */ = {isa = PBXBuildFile; fileRef = C5C5B35F1A4EA5010076D7B6 /* NSManagedObject+CoreDataHandler.m */; };
		C5C5B3641A4EA5010076D7B6 /* NSManagedObjectContext+Helper.m in Sources */ = {isa = PBXBuildFile; fileRef = C5C5B3611A4EA5010076D7B6 /* NSManagedObjectContext+Helper.m */; };
		C5C5B3681A4EA5730076D7B6 /* CompanyPilot.xcdatamodeld in Sources */ = {isa = PBXBuildFile; fileRef = C5C5B3661A4EA5730076D7B6 /* CompanyPilot.xcdatamodeld */; };
		C5C5B36B1A4EABA50076D7B6 /* Department.m in Sources */ = {isa = PBXBuildFile; fileRef = C5C5B36A1A4EABA50076D7B6 /* Department.m */; };
		C5C5B36E1A4EABA60076D7B6 /* Employee.m in Sources */ = {isa = PBXBuildFile; fileRef = C5C5B36D1A4EABA60076D7B6 /* Employee.m */; };
		C5C5B3701A4EACC40076D7B6 /* CoreData.framework in Frameworks */ = {isa = PBXBuildFile; fileRef = C5C5B36F1A4EACC40076D7B6 /* CoreData.framework */; };
/* End PBXBuildFile section */

/* Begin PBXContainerItemProxy section */
		C5C5B3481A4D632D0076D7B6 /* PBXContainerItemProxy */ = {
			isa = PBXContainerItemProxy;
			containerPortal = C5C5B3261A4D632D0076D7B6 /* Project object */;
			proxyType = 1;
			remoteGlobalIDString = C5C5B32D1A4D632D0076D7B6;
			remoteInfo = CompanyPilot;
		};
/* End PBXContainerItemProxy section */

/* Begin PBXFileReference section */
		C5C5B32E1A4D632D0076D7B6 /* CompanyPilot.app */ = {isa = PBXFileReference; explicitFileType = wrapper.application; includeInIndex = 0; path = CompanyPilot.app; sourceTree = BUILT_PRODUCTS_DIR; };
		C5C5B3321A4D632D0076D7B6 /* Info.plist */ = {isa = PBXFileReference; lastKnownFileType = text.plist.xml; path = Info.plist; sourceTree = "<group>"; };
		C5C5B3331A4D632D0076D7B6 /* main.m */ = {isa = PBXFileReference; lastKnownFileType = sourcecode.c.objc; path = main.m; sourceTree = "<group>"; };
		C5C5B3351A4D632D0076D7B6 /* AppDelegate.h */ = {isa = PBXFileReference; lastKnownFileType = sourcecode.c.h; path = AppDelegate.h; sourceTree = "<group>"; };
		C5C5B3361A4D632D0076D7B6 /* AppDelegate.m */ = {isa = PBXFileReference; lastKnownFileType = sourcecode.c.objc; path = AppDelegate.m; sourceTree = "<group>"; };
		C5C5B3381A4D632D0076D7B6 /* AddDepartmentViewController.h */ = {isa = PBXFileReference; lastKnownFileType = sourcecode.c.h; path = AddDepartmentViewController.h; sourceTree = "<group>"; };
		C5C5B3391A4D632D0076D7B6 /* AddDepartmentViewController.m */ = {isa = PBXFileReference; lastKnownFileType = sourcecode.c.objc; path = AddDepartmentViewController.m; sourceTree = "<group>"; };
		C5C5B33C1A4D632D0076D7B6 /* Base */ = {isa = PBXFileReference; lastKnownFileType = file.storyboard; name = Base; path = Base.lproj/Main.storyboard; sourceTree = "<group>"; };
		C5C5B33E1A4D632D0076D7B6 /* Images.xcassets */ = {isa = PBXFileReference; lastKnownFileType = folder.assetcatalog; path = Images.xcassets; sourceTree = "<group>"; };
		C5C5B3411A4D632D0076D7B6 /* Base */ = {isa = PBXFileReference; lastKnownFileType = file.xib; name = Base; path = Base.lproj/LaunchScreen.xib; sourceTree = "<group>"; };
		C5C5B3471A4D632D0076D7B6 /* CompanyPilotTests.xctest */ = {isa = PBXFileReference; explicitFileType = wrapper.cfbundle; includeInIndex = 0; path = CompanyPilotTests.xctest; sourceTree = BUILT_PRODUCTS_DIR; };
		C5C5B34C1A4D632D0076D7B6 /* Info.plist */ = {isa = PBXFileReference; lastKnownFileType = text.plist.xml; path = Info.plist; sourceTree = "<group>"; };
		C5C5B34D1A4D632D0076D7B6 /* CompanyPilotTests.m */ = {isa = PBXFileReference; lastKnownFileType = sourcecode.c.objc; path = CompanyPilotTests.m; sourceTree = "<group>"; };
		C5C5B3571A4D63CE0076D7B6 /* DepartmentTableViewController.h */ = {isa = PBXFileReference; fileEncoding = 4; lastKnownFileType = sourcecode.c.h; path = DepartmentTableViewController.h; sourceTree = "<group>"; };
		C5C5B3581A4D63CE0076D7B6 /* DepartmentTableViewController.m */ = {isa = PBXFileReference; fileEncoding = 4; lastKnownFileType = sourcecode.c.objc; path = DepartmentTableViewController.m; sourceTree = "<group>"; };
		C5C5B35C1A4EA5010076D7B6 /* CoreDataErrorHandling.h */ = {isa = PBXFileReference; fileEncoding = 4; lastKnownFileType = sourcecode.c.h; path = CoreDataErrorHandling.h; sourceTree = "<group>"; };
		C5C5B35D1A4EA5010076D7B6 /* CoreDataErrorHandling.m */ = {isa = PBXFileReference; fileEncoding = 4; lastKnownFileType = sourcecode.c.objc; path = CoreDataErrorHandling.m; sourceTree = "<group>"; };
		C5C5B35E1A4EA5010076D7B6 /* NSManagedObject+CoreDataHandler.h */ = {isa = PBXFileReference; fileEncoding = 4; lastKnownFileType = sourcecode.c.h; path = "NSManagedObject+CoreDataHandler.h"; sourceTree = "<group>"; };
		C5C5B35F1A4EA5010076D7B6 /* NSManagedObject+CoreDataHandler.m */ = {isa = PBXFileReference; fileEncoding = 4; lastKnownFileType = sourcecode.c.objc; path = "NSManagedObject+CoreDataHandler.m"; sourceTree = "<group>"; };
		C5C5B3601A4EA5010076D7B6 /* NSManagedObjectContext+Helper.h */ = {isa = PBXFileReference; fileEncoding = 4; lastKnownFileType = sourcecode.c.h; path = "NSManagedObjectContext+Helper.h"; sourceTree = "<group>"; };
		C5C5B3611A4EA5010076D7B6 /* NSManagedObjectContext+Helper.m */ = {isa = PBXFileReference; fileEncoding = 4; lastKnownFileType = sourcecode.c.objc; path = "NSManagedObjectContext+Helper.m"; sourceTree = "<group>"; };
		C5C5B3671A4EA5730076D7B6 /* CompanyPilot.xcdatamodel */ = {isa = PBXFileReference; lastKnownFileType = wrapper.xcdatamodel; path = CompanyPilot.xcdatamodel; sourceTree = "<group>"; };
		C5C5B3691A4EABA50076D7B6 /* Department.h */ = {isa = PBXFileReference; fileEncoding = 4; lastKnownFileType = sourcecode.c.h; path = Department.h; sourceTree = "<group>"; };
		C5C5B36A1A4EABA50076D7B6 /* Department.m */ = {isa = PBXFileReference; fileEncoding = 4; lastKnownFileType = sourcecode.c.objc; path = Department.m; sourceTree = "<group>"; };
		C5C5B36C1A4EABA60076D7B6 /* Employee.h */ = {isa = PBXFileReference; fileEncoding = 4; lastKnownFileType = sourcecode.c.h; path = Employee.h; sourceTree = "<group>"; };
		C5C5B36D1A4EABA60076D7B6 /* Employee.m */ = {isa = PBXFileReference; fileEncoding = 4; lastKnownFileType = sourcecode.c.objc; path = Employee.m; sourceTree = "<group>"; };
		C5C5B36F1A4EACC40076D7B6 /* CoreData.framework */ = {isa = PBXFileReference; lastKnownFileType = wrapper.framework; name = CoreData.framework; path = System/Library/Frameworks/CoreData.framework; sourceTree = SDKROOT; };
/* End PBXFileReference section */

/* Begin PBXFrameworksBuildPhase section */
		C5C5B32B1A4D632D0076D7B6 /* Frameworks */ = {
			isa = PBXFrameworksBuildPhase;
			buildActionMask = 2147483647;
			files = (
				C5C5B3701A4EACC40076D7B6 /* CoreData.framework in Frameworks */,
			);
			runOnlyForDeploymentPostprocessing = 0;
		};
		C5C5B3441A4D632D0076D7B6 /* Frameworks */ = {
			isa = PBXFrameworksBuildPhase;
			buildActionMask = 2147483647;
			files = (
			);
			runOnlyForDeploymentPostprocessing = 0;
		};
/* End PBXFrameworksBuildPhase section */

/* Begin PBXGroup section */
		C5C5B3251A4D632D0076D7B6 = {
			isa = PBXGroup;
			children = (
				C5C5B36F1A4EACC40076D7B6 /* CoreData.framework */,
				C5C5B3651A4EA55A0076D7B6 /* Model */,
				C5C5B3301A4D632D0076D7B6 /* CompanyPilot */,
				C5C5B34A1A4D632D0076D7B6 /* CompanyPilotTests */,
				C5C5B32F1A4D632D0076D7B6 /* Products */,
			);
			sourceTree = "<group>";
		};
		C5C5B32F1A4D632D0076D7B6 /* Products */ = {
			isa = PBXGroup;
			children = (
				C5C5B32E1A4D632D0076D7B6 /* CompanyPilot.app */,
				C5C5B3471A4D632D0076D7B6 /* CompanyPilotTests.xctest */,
			);
			name = Products;
			sourceTree = "<group>";
		};
		C5C5B3301A4D632D0076D7B6 /* CompanyPilot */ = {
			isa = PBXGroup;
			children = (
				C5C5B35B1A4EA5010076D7B6 /* CoreDataHandler */,
				C5C5B35A1A4D63D90076D7B6 /* Views */,
				C5C5B3351A4D632D0076D7B6 /* AppDelegate.h */,
				C5C5B3361A4D632D0076D7B6 /* AppDelegate.m */,
				C5C5B3381A4D632D0076D7B6 /* AddDepartmentViewController.h */,
				C5C5B3391A4D632D0076D7B6 /* AddDepartmentViewController.m */,
				C5C5B33B1A4D632D0076D7B6 /* Main.storyboard */,
				C5C5B33E1A4D632D0076D7B6 /* Images.xcassets */,
				C5C5B3401A4D632D0076D7B6 /* LaunchScreen.xib */,
				C5C5B3311A4D632D0076D7B6 /* Supporting Files */,
			);
			path = CompanyPilot;
			sourceTree = "<group>";
		};
		C5C5B3311A4D632D0076D7B6 /* Supporting Files */ = {
			isa = PBXGroup;
			children = (
				C5C5B3321A4D632D0076D7B6 /* Info.plist */,
				C5C5B3331A4D632D0076D7B6 /* main.m */,
			);
			name = "Supporting Files";
			sourceTree = "<group>";
		};
		C5C5B34A1A4D632D0076D7B6 /* CompanyPilotTests */ = {
			isa = PBXGroup;
			children = (
				C5C5B34D1A4D632D0076D7B6 /* CompanyPilotTests.m */,
				C5C5B34B1A4D632D0076D7B6 /* Supporting Files */,
			);
			path = CompanyPilotTests;
			sourceTree = "<group>";
		};
		C5C5B34B1A4D632D0076D7B6 /* Supporting Files */ = {
			isa = PBXGroup;
			children = (
				C5C5B34C1A4D632D0076D7B6 /* Info.plist */,
			);
			name = "Supporting Files";
			sourceTree = "<group>";
		};
		C5C5B35A1A4D63D90076D7B6 /* Views */ = {
			isa = PBXGroup;
			children = (
				C5C5B3571A4D63CE0076D7B6 /* DepartmentTableViewController.h */,
				C5C5B3581A4D63CE0076D7B6 /* DepartmentTableViewController.m */,
			);
			name = Views;
			sourceTree = "<group>";
		};
		C5C5B35B1A4EA5010076D7B6 /* CoreDataHandler */ = {
			isa = PBXGroup;
			children = (
				C5C5B35C1A4EA5010076D7B6 /* CoreDataErrorHandling.h */,
				C5C5B35D1A4EA5010076D7B6 /* CoreDataErrorHandling.m */,
				C5C5B35E1A4EA5010076D7B6 /* NSManagedObject+CoreDataHandler.h */,
				C5C5B35F1A4EA5010076D7B6 /* NSManagedObject+CoreDataHandler.m */,
				C5C5B3601A4EA5010076D7B6 /* NSManagedObjectContext+Helper.h */,
				C5C5B3611A4EA5010076D7B6 /* NSManagedObjectContext+Helper.m */,
			);
			path = CoreDataHandler;
			sourceTree = "<group>";
		};
		C5C5B3651A4EA55A0076D7B6 /* Model */ = {
			isa = PBXGroup;
			children = (
				C5C5B3661A4EA5730076D7B6 /* CompanyPilot.xcdatamodeld */,
				C5C5B36C1A4EABA60076D7B6 /* Employee.h */,
				C5C5B36D1A4EABA60076D7B6 /* Employee.m */,
				C5C5B3691A4EABA50076D7B6 /* Department.h */,
				C5C5B36A1A4EABA50076D7B6 /* Department.m */,
			);
			name = Model;
			path = CompanyPilot/Model;
			sourceTree = "<group>";
		};
/* End PBXGroup section */

/* Begin PBXNativeTarget section */
		C5C5B32D1A4D632D0076D7B6 /* CompanyPilot */ = {
			isa = PBXNativeTarget;
			buildConfigurationList = C5C5B3511A4D632D0076D7B6 /* Build configuration list for PBXNativeTarget "CompanyPilot" */;
			buildPhases = (
				C5C5B32A1A4D632D0076D7B6 /* Sources */,
				C5C5B32B1A4D632D0076D7B6 /* Frameworks */,
				C5C5B32C1A4D632D0076D7B6 /* Resources */,
			);
			buildRules = (
			);
			dependencies = (
			);
			name = CompanyPilot;
			productName = CompanyPilot;
			productReference = C5C5B32E1A4D632D0076D7B6 /* CompanyPilot.app */;
			productType = "com.apple.product-type.application";
		};
		C5C5B3461A4D632D0076D7B6 /* CompanyPilotTests */ = {
			isa = PBXNativeTarget;
			buildConfigurationList = C5C5B3541A4D632D0076D7B6 /* Build configuration list for PBXNativeTarget "CompanyPilotTests" */;
			buildPhases = (
				C5C5B3431A4D632D0076D7B6 /* Sources */,
				C5C5B3441A4D632D0076D7B6 /* Frameworks */,
				C5C5B3451A4D632D0076D7B6 /* Resources */,
			);
			buildRules = (
			);
			dependencies = (
				C5C5B3491A4D632D0076D7B6 /* PBXTargetDependency */,
			);
			name = CompanyPilotTests;
			productName = CompanyPilotTests;
			productReference = C5C5B3471A4D632D0076D7B6 /* CompanyPilotTests.xctest */;
			productType = "com.apple.product-type.bundle.unit-test";
		};
/* End PBXNativeTarget section */

/* Begin PBXProject section */
		C5C5B3261A4D632D0076D7B6 /* Project object */ = {
			isa = PBXProject;
			attributes = {
				LastUpgradeCheck = 0610;
				ORGANIZATIONNAME = "Suman Chatterjee";
				TargetAttributes = {
					C5C5B32D1A4D632D0076D7B6 = {
						CreatedOnToolsVersion = 6.1;
					};
					C5C5B3461A4D632D0076D7B6 = {
						CreatedOnToolsVersion = 6.1;
						TestTargetID = C5C5B32D1A4D632D0076D7B6;
					};
				};
			};
			buildConfigurationList = C5C5B3291A4D632D0076D7B6 /* Build configuration list for PBXProject "CompanyPilot" */;
			compatibilityVersion = "Xcode 3.2";
			developmentRegion = English;
			hasScannedForEncodings = 0;
			knownRegions = (
				en,
				Base,
			);
			mainGroup = C5C5B3251A4D632D0076D7B6;
			productRefGroup = C5C5B32F1A4D632D0076D7B6 /* Products */;
			projectDirPath = "";
			projectRoot = "";
			targets = (
				C5C5B32D1A4D632D0076D7B6 /* CompanyPilot */,
				C5C5B3461A4D632D0076D7B6 /* CompanyPilotTests */,
			);
		};
/* End PBXProject section */

/* Begin PBXResourcesBuildPhase section */
		C5C5B32C1A4D632D0076D7B6 /* Resources */ = {
			isa = PBXResourcesBuildPhase;
			buildActionMask = 2147483647;
			files = (
				C5C5B33D1A4D632D0076D7B6 /* Main.storyboard in Resources */,
				C5C5B3421A4D632D0076D7B6 /* LaunchScreen.xib in Resources */,
				C5C5B33F1A4D632D0076D7B6 /* Images.xcassets in Resources */,
			);
			runOnlyForDeploymentPostprocessing = 0;
		};
		C5C5B3451A4D632D0076D7B6 /* Resources */ = {
			isa = PBXResourcesBuildPhase;
			buildActionMask = 2147483647;
			files = (
			);
			runOnlyForDeploymentPostprocessing = 0;
		};
/* End PBXResourcesBuildPhase section */

/* Begin PBXSourcesBuildPhase section */
		C5C5B32A1A4D632D0076D7B6 /* Sources */ = {
			isa = PBXSourcesBuildPhase;
			buildActionMask = 2147483647;
			files = (
				C5C5B3681A4EA5730076D7B6 /* CompanyPilot.xcdatamodeld in Sources */,
				C5C5B33A1A4D632D0076D7B6 /* AddDepartmentViewController.m in Sources */,
				C5C5B3641A4EA5010076D7B6 /* NSManagedObjectContext+Helper.m in Sources */,
				C5C5B3591A4D63CE0076D7B6 /* DepartmentTableViewController.m in Sources */,
				C5C5B3371A4D632D0076D7B6 /* AppDelegate.m in Sources */,
				C5C5B36E1A4EABA60076D7B6 /* Employee.m in Sources */,
				C5C5B3631A4EA5010076D7B6 /* NSManagedObject+CoreDataHandler.m in Sources */,
				C5C5B3341A4D632D0076D7B6 /* main.m in Sources */,
				C5C5B3621A4EA5010076D7B6 /* CoreDataErrorHandling.m in Sources */,
				C5C5B36B1A4EABA50076D7B6 /* Department.m in Sources */,
			);
			runOnlyForDeploymentPostprocessing = 0;
		};
		C5C5B3431A4D632D0076D7B6 /* Sources */ = {
			isa = PBXSourcesBuildPhase;
			buildActionMask = 2147483647;
			files = (
				C5C5B34E1A4D632D0076D7B6 /* CompanyPilotTests.m in Sources */,
			);
			runOnlyForDeploymentPostprocessing = 0;
		};
/* End PBXSourcesBuildPhase section */

/* Begin PBXTargetDependency section */
		C5C5B3491A4D632D0076D7B6 /* PBXTargetDependency */ = {
			isa = PBXTargetDependency;
			target = C5C5B32D1A4D632D0076D7B6 /* CompanyPilot */;
			targetProxy = C5C5B3481A4D632D0076D7B6 /* PBXContainerItemProxy */;
		};
/* End PBXTargetDependency section */

/* Begin PBXVariantGroup section */
		C5C5B33B1A4D632D0076D7B6 /* Main.storyboard */ = {
			isa = PBXVariantGroup;
			children = (
				C5C5B33C1A4D632D0076D7B6 /* Base */,
			);
			name = Main.storyboard;
			sourceTree = "<group>";
		};
		C5C5B3401A4D632D0076D7B6 /* LaunchScreen.xib */ = {
			isa = PBXVariantGroup;
			children = (
				C5C5B3411A4D632D0076D7B6 /* Base */,
			);
			name = LaunchScreen.xib;
			sourceTree = "<group>";
		};
/* End PBXVariantGroup section */

/* Begin XCBuildConfiguration section */
		C5C5B34F1A4D632D0076D7B6 /* Debug */ = {
			isa = XCBuildConfiguration;
			buildSettings = {
				ALWAYS_SEARCH_USER_PATHS = NO;
				CLANG_CXX_LANGUAGE_STANDARD = "gnu++0x";
				CLANG_CXX_LIBRARY = "libc++";
				CLANG_ENABLE_MODULES = YES;
				CLANG_ENABLE_OBJC_ARC = YES;
				CLANG_WARN_BOOL_CONVERSION = YES;
				CLANG_WARN_CONSTANT_CONVERSION = YES;
				CLANG_WARN_DIRECT_OBJC_ISA_USAGE = YES_ERROR;
				CLANG_WARN_EMPTY_BODY = YES;
				CLANG_WARN_ENUM_CONVERSION = YES;
				CLANG_WARN_INT_CONVERSION = YES;
				CLANG_WARN_OBJC_ROOT_CLASS = YES_ERROR;
				CLANG_WARN_UNREACHABLE_CODE = YES;
				CLANG_WARN__DUPLICATE_METHOD_MATCH = YES;
				"CODE_SIGN_IDENTITY[sdk=iphoneos*]" = "iPhone Developer";
				COPY_PHASE_STRIP = NO;
				ENABLE_STRICT_OBJC_MSGSEND = YES;
				GCC_C_LANGUAGE_STANDARD = gnu99;
				GCC_DYNAMIC_NO_PIC = NO;
				GCC_OPTIMIZATION_LEVEL = 0;
				GCC_PREPROCESSOR_DEFINITIONS = (
					"DEBUG=1",
					"$(inherited)",
				);
				GCC_SYMBOLS_PRIVATE_EXTERN = NO;
				GCC_WARN_64_TO_32_BIT_CONVERSION = YES;
				GCC_WARN_ABOUT_RETURN_TYPE = YES_ERROR;
				GCC_WARN_UNDECLARED_SELECTOR = YES;
				GCC_WARN_UNINITIALIZED_AUTOS = YES_AGGRESSIVE;
				GCC_WARN_UNUSED_FUNCTION = YES;
				GCC_WARN_UNUSED_VARIABLE = YES;
				IPHONEOS_DEPLOYMENT_TARGET = 8.1;
				MTL_ENABLE_DEBUG_INFO = YES;
				ONLY_ACTIVE_ARCH = YES;
				SDKROOT = iphoneos;
				TARGETED_DEVICE_FAMILY = "1,2";
			};
			name = Debug;
		};
		C5C5B3501A4D632D0076D7B6 /* Release */ = {
			isa = XCBuildConfiguration;
			buildSettings = {
				ALWAYS_SEARCH_USER_PATHS = NO;
				CLANG_CXX_LANGUAGE_STANDARD = "gnu++0x";
				CLANG_CXX_LIBRARY = "libc++";
				CLANG_ENABLE_MODULES = YES;
				CLANG_ENABLE_OBJC_ARC = YES;
				CLANG_WARN_BOOL_CONVERSION = YES;
				CLANG_WARN_CONSTANT_CONVERSION = YES;
				CLANG_WARN_DIRECT_OBJC_ISA_USAGE = YES_ERROR;
				CLANG_WARN_EMPTY_BODY = YES;
				CLANG_WARN_ENUM_CONVERSION = YES;
				CLANG_WARN_INT_CONVERSION = YES;
				CLANG_WARN_OBJC_ROOT_CLASS = YES_ERROR;
				CLANG_WARN_UNREACHABLE_CODE = YES;
				CLANG_WARN__DUPLICATE_METHOD_MATCH = YES;
				"CODE_SIGN_IDENTITY[sdk=iphoneos*]" = "iPhone Developer";
				COPY_PHASE_STRIP = YES;
				ENABLE_NS_ASSERTIONS = NO;
				ENABLE_STRICT_OBJC_MSGSEND = YES;
				GCC_C_LANGUAGE_STANDARD = gnu99;
				GCC_WARN_64_TO_32_BIT_CONVERSION = YES;
				GCC_WARN_ABOUT_RETURN_TYPE = YES_ERROR;
				GCC_WARN_UNDECLARED_SELECTOR = YES;
				GCC_WARN_UNINITIALIZED_AUTOS = YES_AGGRESSIVE;
				GCC_WARN_UNUSED_FUNCTION = YES;
				GCC_WARN_UNUSED_VARIABLE = YES;
				IPHONEOS_DEPLOYMENT_TARGET = 8.1;
				MTL_ENABLE_DEBUG_INFO = NO;
				SDKROOT = iphoneos;
				TARGETED_DEVICE_FAMILY = "1,2";
				VALIDATE_PRODUCT = YES;
			};
			name = Release;
		};
		C5C5B3521A4D632D0076D7B6 /* Debug */ = {
			isa = XCBuildConfiguration;
			buildSettings = {
				ASSETCATALOG_COMPILER_APPICON_NAME = AppIcon;
				INFOPLIST_FILE = CompanyPilot/Info.plist;
				LD_RUNPATH_SEARCH_PATHS = "$(inherited) @executable_path/Frameworks";
				PRODUCT_NAME = "$(TARGET_NAME)";
			};
			name = Debug;
		};
		C5C5B3531A4D632D0076D7B6 /* Release */ = {
			isa = XCBuildConfiguration;
			buildSettings = {
				ASSETCATALOG_COMPILER_APPICON_NAME = AppIcon;
				INFOPLIST_FILE = CompanyPilot/Info.plist;
				LD_RUNPATH_SEARCH_PATHS = "$(inherited) @executable_path/Frameworks";
				PRODUCT_NAME = "$(TARGET_NAME)";
			};
			name = Release;
		};
		C5C5B3551A4D632D0076D7B6 /* Debug */ = {
			isa = XCBuildConfiguration;
			buildSettings = {
				BUNDLE_LOADER = "$(TEST_HOST)";
				FRAMEWORK_SEARCH_PATHS = (
					"$(SDKROOT)/Developer/Library/Frameworks",
					"$(inherited)",
				);
				GCC_PREPROCESSOR_DEFINITIONS = (
					"DEBUG=1",
					"$(inherited)",
				);
				INFOPLIST_FILE = CompanyPilotTests/Info.plist;
				LD_RUNPATH_SEARCH_PATHS = "$(inherited) @executable_path/Frameworks @loader_path/Frameworks";
				PRODUCT_NAME = "$(TARGET_NAME)";
				TEST_HOST = "$(BUILT_PRODUCTS_DIR)/CompanyPilot.app/CompanyPilot";
			};
			name = Debug;
		};
		C5C5B3561A4D632D0076D7B6 /* Release */ = {
			isa = XCBuildConfiguration;
			buildSettings = {
				BUNDLE_LOADER = "$(TEST_HOST)";
				FRAMEWORK_SEARCH_PATHS = (
					"$(SDKROOT)/Developer/Library/Frameworks",
					"$(inherited)",
				);
				INFOPLIST_FILE = CompanyPilotTests/Info.plist;
				LD_RUNPATH_SEARCH_PATHS = "$(inherited) @executable_path/Frameworks @loader_path/Frameworks";
				PRODUCT_NAME = "$(TARGET_NAME)";
				TEST_HOST = "$(BUILT_PRODUCTS_DIR)/CompanyPilot.app/CompanyPilot";
			};
			name = Release;
		};
/* End XCBuildConfiguration section */

/* Begin XCConfigurationList section */
		C5C5B3291A4D632D0076D7B6 /* Build configuration list for PBXProject "CompanyPilot" */ = {
			isa = XCConfigurationList;
			buildConfigurations = (
				C5C5B34F1A4D632D0076D7B6 /* Debug */,
				C5C5B3501A4D632D0076D7B6 /* Release */,
			);
			defaultConfigurationIsVisible = 0;
			defaultConfigurationName = Release;
		};
		C5C5B3511A4D632D0076D7B6 /* Build configuration list for PBXNativeTarget "CompanyPilot" */ = {
			isa = XCConfigurationList;
			buildConfigurations = (
				C5C5B3521A4D632D0076D7B6 /* Debug */,
				C5C5B3531A4D632D0076D7B6 /* Release */,
			);
			defaultConfigurationIsVisible = 0;
		};
		C5C5B3541A4D632D0076D7B6 /* Build configuration list for PBXNativeTarget "CompanyPilotTests" */ = {
			isa = XCConfigurationList;
			buildConfigurations = (
				C5C5B3551A4D632D0076D7B6 /* Debug */,
				C5C5B3561A4D632D0076D7B6 /* Release */,
			);
			defaultConfigurationIsVisible = 0;
		};
/* End XCConfigurationList section */

/* Begin XCVersionGroup section */
		C5C5B3661A4EA5730076D7B6 /* CompanyPilot.xcdatamodeld */ = {
			isa = XCVersionGroup;
			children = (
				C5C5B3671A4EA5730076D7B6 /* CompanyPilot.xcdatamodel */,
			);
			currentVersion = C5C5B3671A4EA5730076D7B6 /* CompanyPilot.xcdatamodel */;
			path = CompanyPilot.xcdatamodeld;
			sourceTree = "<group>";
			versionGroupType = wrapper.xcdatamodel;
		};
/* End XCVersionGroup section */
	};
	rootObject = C5C5B3261A4D632D0076D7B6 /* Project object */;
}
